
Microsoft Visual Studio Solution File, Format Version 12.00
# Visual Studio 2013
VisualStudioVersion = 12.0.30723.0
MinimumVisualStudioVersion = 10.0.40219.1
Project("{FAE04EC0-301F-11D3-BF4B-00C04F79EFBC}") = "DummyOrm.ConsoleApp", "DummyOrm.ConsoleApp\DummyOrm.ConsoleApp.csproj", "{63EA8DDE-DE21-444F-95A2-AF6B1D940B40}"
EndProject
Project("{FAE04EC0-301F-11D3-BF4B-00C04F79EFBC}") = "DummyOrm", "DummyOrm\DummyOrm.csproj", "{8E5AF9AB-35A2-4500-B560-D1449B0B9D24}"
EndProject
Global
	GlobalSection(SolutionConfigurationPlatforms) = preSolution
		Debug|Any CPU = Debug|Any CPU
		Release|Any CPU = Release|Any CPU
	EndGlobalSection
	GlobalSection(ProjectConfigurationPlatforms) = postSolution
		{63EA8DDE-DE21-444F-95A2-AF6B1D940B40}.Debug|Any CPU.ActiveCfg = Debug|Any CPU
		{63EA8DDE-DE21-444F-95A2-AF6B1D940B40}.Debug|Any CPU.Build.0 = Debug|Any CPU
		{63EA8DDE-DE21-444F-95A2-AF6B1D940B40}.Release|Any CPU.ActiveCfg = Release|Any CPU
		{63EA8DDE-DE21-444F-95A2-AF6B1D940B40}.Release|Any CPU.Build.0 = Release|Any CPU
		{8E5AF9AB-35A2-4500-B560-D1449B0B9D24}.Debug|Any CPU.ActiveCfg = Debug|Any CPU
		{8E5AF9AB-35A2-4500-B560-D1449B0B9D24}.Debug|Any CPU.Build.0 = Debug|Any CPU
		{8E5AF9AB-35A2-4500-B560-D1449B0B9D24}.Release|Any CPU.ActiveCfg = Release|Any CPU
		{8E5AF9AB-35A2-4500-B560-D1449B0B9D24}.Release|Any CPU.Build.0 = Release|Any CPU
	EndGlobalSection
	GlobalSection(SolutionProperties) = preSolution
		HideSolutionNode = FALSE
	EndGlobalSection
EndGlobal
